
Microsoft Visual Studio Solution File, Format Version 12.00
# Visual Studio Version 16
VisualStudioVersion = 16.0.31005.135
MinimumVisualStudioVersion = 10.0.40219.1
Project("{FAE04EC0-301F-11D3-BF4B-00C04F79EFBC}") = "PerfTips", "PerfTips.csproj", "{EFE0BB60-7762-4B10-91EF-533F5378329B}"
EndProject
Global
	GlobalSection(SolutionConfigurationPlatforms) = preSolution
		Debug|Any CPU = Debug|Any CPU
		Release|Any CPU = Release|Any CPU
	EndGlobalSection
	GlobalSection(ProjectConfigurationPlatforms) = postSolution
		{EFE0BB60-7762-4B10-91EF-533F5378329B}.Debug|Any CPU.ActiveCfg = Debug|Any CPU
		{EFE0BB60-7762-4B10-91EF-533F5378329B}.Debug|Any CPU.Build.0 = Debug|Any CPU
		{EFE0BB60-7762-4B10-91EF-533F5378329B}.Release|Any CPU.ActiveCfg = Release|Any CPU
		{EFE0BB60-7762-4B10-91EF-533F5378329B}.Release|Any CPU.Build.0 = Release|Any CPU
	EndGlobalSection
	GlobalSection(SolutionProperties) = preSolution
		HideSolutionNode = FALSE
	EndGlobalSection
	GlobalSection(ExtensibilityGlobals) = postSolution
		SolutionGuid = {96BD4D21-EE0F-4127-B630-B5DB3D8CABE8}
	EndGlobalSection
EndGlobal
