
Microsoft Visual Studio Solution File, Format Version 12.00
# Visual Studio Version 16
VisualStudioVersion = 16.0.31005.135
MinimumVisualStudioVersion = 10.0.40219.1
Project("{9A19103F-16F7-4668-BE54-9A1E7A4F7556}") = "PerformanceProfiler", "PerformanceProfiler.csproj", "{4D847FF5-99D1-4794-A028-15E269FC7610}"
EndProject
Global
	GlobalSection(SolutionConfigurationPlatforms) = preSolution
		Debug|Any CPU = Debug|Any CPU
		Release|Any CPU = Release|Any CPU
	EndGlobalSection
	GlobalSection(ProjectConfigurationPlatforms) = postSolution
		{4D847FF5-99D1-4794-A028-15E269FC7610}.Debug|Any CPU.ActiveCfg = Debug|Any CPU
		{4D847FF5-99D1-4794-A028-15E269FC7610}.Debug|Any CPU.Build.0 = Debug|Any CPU
		{4D847FF5-99D1-4794-A028-15E269FC7610}.Release|Any CPU.ActiveCfg = Release|Any CPU
		{4D847FF5-99D1-4794-A028-15E269FC7610}.Release|Any CPU.Build.0 = Release|Any CPU
	EndGlobalSection
	GlobalSection(SolutionProperties) = preSolution
		HideSolutionNode = FALSE
	EndGlobalSection
	GlobalSection(ExtensibilityGlobals) = postSolution
		SolutionGuid = {E14AA367-303A-4AA4-A83C-788034443AF5}
	EndGlobalSection
EndGlobal
